
Microsoft Visual Studio Solution File, Format Version 12.00
# Visual Studio Version 17
VisualStudioVersion = 17.0.31606.5
MinimumVisualStudioVersion = 10.0.40219.1
Project("{FAE04EC0-301F-11D3-BF4B-00C04F79EFBC}") = "RoundTheCode.DotNet6", "RoundTheCode.DotNet6\RoundTheCode.DotNet6.csproj", "{BA3817CD-0B17-4BFB-BCD1-89182F8C303C}"
EndProject
Global
	GlobalSection(SolutionConfigurationPlatforms) = preSolution
		Debug|Any CPU = Debug|Any CPU
		Release|Any CPU = Release|Any CPU
	EndGlobalSection
	GlobalSection(ProjectConfigurationPlatforms) = postSolution
		{BA3817CD-0B17-4BFB-BCD1-89182F8C303C}.Debug|Any CPU.ActiveCfg = Debug|Any CPU
		{BA3817CD-0B17-4BFB-BCD1-89182F8C303C}.Debug|Any CPU.Build.0 = Debug|Any CPU
		{BA3817CD-0B17-4BFB-BCD1-89182F8C303C}.Release|Any CPU.ActiveCfg = Release|Any CPU
		{BA3817CD-0B17-4BFB-BCD1-89182F8C303C}.Release|Any CPU.Build.0 = Release|Any CPU
	EndGlobalSection
	GlobalSection(SolutionProperties) = preSolution
		HideSolutionNode = FALSE
	EndGlobalSection
	GlobalSection(ExtensibilityGlobals) = postSolution
		SolutionGuid = {37A64689-9577-4F64-A331-F14815DC337D}
	EndGlobalSection
EndGlobal
